<?xml version="1.0" encoding="utf-8"?>
<Project ToolsVersion="4.0" xmlns="http://schemas.microsoft.com/developer/msbuild/2003">
  <ItemGroup>
    <Filter Include="Source Files">
      <UniqueIdentifier>{4FC737F1-C7A5-4376-A066-2A32D752A2FF}</UniqueIdentifier>
      <Extensions>cpp;c;cc;cxx;def;odl;idl;hpj;bat;asm;asmx</Extensions>
    </Filter>
    <Filter Include="Header Files">
      <UniqueIdentifier>{93995380-89BD-4b04-88EB-625FBE52EBFB}</UniqueIdentifier>
      <Extensions>h;hh;hpp;hxx;hm;inl;inc;xsd</Extensions>
    </Filter>
    <Filter Include="Resource Files">
      <UniqueIdentifier>{67DA6AB6-F800-4c08-8B7A-83BB121AAD01}</UniqueIdentifier>
      <Extensions>rc;ico;cur;bmp;dlg;rc2;rct;bin;rgs;gif;jpg;jpeg;jpe;resx;tiff;tif;png;wav;mfcribbon-ms</Extensions>
    </Filter>
    <Filter Include="3rdparty">
      <UniqueIdentifier>{159829a8-62df-4a76-a423-71233c2786a3}</UniqueIdentifier>
    </Filter>
  </ItemGroup>
  <ItemGroup>
    <Text Include="ReadMe.txt" />
  </ItemGroup>
  <ItemGroup>
    <ClInclude Include="crypto_hash.h">
      <Filter>Header Files</Filter>
    </ClInclude>
    <ClInclude Include="cpuinfo.h">
      <Filter>Header Files</Filter>
    </ClInclude>
    <ClInclude Include="sha256.h">
      <Filter>Header Files</Filter>
    </ClInclude>
    <ClInclude Include="sha512.h">
      <Filter>Header Files</Filter>
    </ClInclude>
    <ClInclude Include="groestl.h">
      <Filter>Header Files</Filter>
    </ClInclude>
    <ClInclude Include="skein512.h">
      <Filter>Header Files</Filter>
    </ClInclude>
    <ClInclude Include="skein256.h">
      <Filter>Header Files</Filter>
    </ClInclude>
    <ClInclude Include="skein1024.h">
      <Filter>Header Files</Filter>
    </ClInclude>
    <ClInclude Include="3rdparty\rounds.sse41.h">
      <Filter>3rdparty</Filter>
    </ClInclude>
    <ClInclude Include="whirlpool.h">
      <Filter>Header Files</Filter>
    </ClInclude>
    <ClInclude Include="3rdparty\blake512-sse41-rounds.h">
      <Filter>3rdparty</Filter>
    </ClInclude>
    <ClInclude Include="cppcrypto.h">
      <Filter>Header Files</Filter>
    </ClInclude>
    <ClInclude Include="blake.h">
      <Filter>Header Files</Filter>
    </ClInclude>
    <ClInclude Include="kupyna.h">
      <Filter>Header Files</Filter>
    </ClInclude>
    <ClInclude Include="rijndael.h">
      <Filter>Header Files</Filter>
    </ClInclude>
    <ClInclude Include="block_cipher.h">
      <Filter>Header Files</Filter>
    </ClInclude>
    <ClInclude Include="rijndael-impl.h">
      <Filter>Header Files</Filter>
    </ClInclude>
    <ClInclude Include="cbc.h">
      <Filter>Header Files</Filter>
    </ClInclude>
    <ClInclude Include="hmac.h">
      <Filter>Header Files</Filter>
    </ClInclude>
    <ClInclude Include="anubis.h">
      <Filter>Header Files</Filter>
    </ClInclude>
    <ClInclude Include="pbkdf2.h">
      <Filter>Header Files</Filter>
    </ClInclude>
    <ClInclude Include="ctr.h">
      <Filter>Header Files</Filter>
    </ClInclude>
    <ClInclude Include="twofish.h">
      <Filter>Header Files</Filter>
    </ClInclude>
    <ClInclude Include="sha3.h">
      <Filter>Header Files</Filter>
    </ClInclude>
    <ClInclude Include="alignedarray.h">
      <Filter>Header Files</Filter>
    </ClInclude>
    <ClInclude Include="jh.h">
      <Filter>Header Files</Filter>
    </ClInclude>
    <ClInclude Include="jh-impl.h">
      <Filter>Header Files</Filter>
    </ClInclude>
    <ClInclude Include="sha1.h">
      <Filter>Header Files</Filter>
    </ClInclude>
    <ClInclude Include="streebog.h">
      <Filter>Header Files</Filter>
    </ClInclude>
    <ClInclude Include="3rdparty\gost3411-2012-sse2.h">
      <Filter>3rdparty</Filter>
    </ClInclude>
    <ClInclude Include="3rdparty\KeccakF-1600-interface.h">
      <Filter>3rdparty</Filter>
    </ClInclude>
    <ClInclude Include="3rdparty\KeccakF-1600-int-set.h">
      <Filter>3rdparty</Filter>
    </ClInclude>
    <ClInclude Include="3rdparty\KeccakF-1600-opt64-settings.h">
      <Filter>3rdparty</Filter>
    </ClInclude>
    <ClInclude Include="3rdparty\KeccakSponge.h">
      <Filter>3rdparty</Filter>
    </ClInclude>
    <ClInclude Include="sm3.h">
      <Filter>Header Files</Filter>
    </ClInclude>
    <ClInclude Include="md5.h">
      <Filter>Header Files</Filter>
    </ClInclude>
    <ClInclude Include="serpent.h">
      <Filter>Header Files</Filter>
    </ClInclude>
    <ClInclude Include="cast6.h">
      <Filter>Header Files</Filter>
    </ClInclude>
    <ClInclude Include="rijndael-impl-aesni-common.h">
      <Filter>Source Files</Filter>
    </ClInclude>
    <ClInclude Include="camellia.h">
      <Filter>Header Files</Filter>
    </ClInclude>
    <ClInclude Include="kalyna.h">
      <Filter>Header Files</Filter>
    </ClInclude>
    <ClInclude Include="portability.h">
      <Filter>Header Files</Filter>
    </ClInclude>
    <ClInclude Include="aria.h">
      <Filter>Header Files</Filter>
    </ClInclude>
    <ClInclude Include="kuznyechik.h">
      <Filter>Header Files</Filter>
    </ClInclude>
    <ClInclude Include="sm4.h">
      <Filter>Header Files</Filter>
    </ClInclude>
    <ClInclude Include="mars.h">
      <Filter>Header Files</Filter>
    </ClInclude>
    <ClInclude Include="blake2.h">
      <Filter>Header Files</Filter>
    </ClInclude>
    <ClInclude Include="3rdparty\blake2b-load-sse2.h">
      <Filter>3rdparty</Filter>
    </ClInclude>
    <ClInclude Include="3rdparty\blake2b-load-sse41.h">
      <Filter>3rdparty</Filter>
    </ClInclude>
    <ClInclude Include="3rdparty\blake2b-round.h">
      <Filter>3rdparty</Filter>
    </ClInclude>
    <ClInclude Include="3rdparty\blake2s-load-sse2.h">
      <Filter>3rdparty</Filter>
    </ClInclude>
    <ClInclude Include="3rdparty\blake2s-load-sse41.h">
      <Filter>3rdparty</Filter>
    </ClInclude>
    <ClInclude Include="3rdparty\blake2s-round.h">
      <Filter>3rdparty</Filter>
    </ClInclude>
    <ClInclude Include="threefish.h">
      <Filter>Header Files</Filter>
    </ClInclude>
    <ClInclude Include="scrypt.h">
      <Filter>Header Files</Filter>
    </ClInclude>
    <ClInclude Include="3rdparty\crypto_scrypt_smix_sse2.h">
      <Filter>3rdparty</Filter>
    </ClInclude>
    <ClInclude Include="argon2.h">
      <Filter>Header Files</Filter>
    </ClInclude>
    <ClInclude Include="thread_pool.h">
      <Filter>Header Files</Filter>
    </ClInclude>
    <ClInclude Include="salsa20.h">
      <Filter>Header Files</Filter>
    </ClInclude>
    <ClInclude Include="stream_cipher.h">
      <Filter>Header Files</Filter>
    </ClInclude>
    <ClInclude Include="hc.h">
      <Filter>Header Files</Filter>
    </ClInclude>
    <ClInclude Include="chacha.h">
      <Filter>Header Files</Filter>
    </ClInclude>
    <ClInclude Include="3rdparty\salsa20_u1.h">
      <Filter>3rdparty</Filter>
    </ClInclude>
    <ClInclude Include="3rdparty\salsa20_u4.h">
      <Filter>3rdparty</Filter>
    </ClInclude>
    <ClInclude Include="3rdparty\chacha_u1.h">
      <Filter>3rdparty</Filter>
    </ClInclude>
    <ClInclude Include="3rdparty\chacha_u4.h">
      <Filter>3rdparty</Filter>
    </ClInclude>
    <ClInclude Include="simon.h">
      <Filter>Header Files</Filter>
    </ClInclude>
    <ClInclude Include="poly1305.h">
      <Filter>Header Files</Filter>
    </ClInclude>
    <ClInclude Include="speck.h">
      <Filter>Header Files</Filter>
    </ClInclude>
    <ClInclude Include="poly1305-impl.h">
      <Filter>Header Files</Filter>
    </ClInclude>
    <ClInclude Include="groestl-impl.h">
      <Filter>Header Files</Filter>
    </ClInclude>
    <ClInclude Include="3rdparty\KeccakHash.h">
      <Filter>3rdparty</Filter>
    </ClInclude>
    <ClInclude Include="3rdparty\KeccakP-1600-AVX2.h">
      <Filter>3rdparty</Filter>
    </ClInclude>
    <ClInclude Include="3rdparty\KeccakSpongeWidth1600.h">
      <Filter>3rdparty</Filter>
    </ClInclude>
    <ClInclude Include="sha3-impl.h">
      <Filter>Header Files</Filter>
    </ClInclude>
  </ItemGroup>
  <ItemGroup>
    <ClCompile Include="cpuinfo.cpp">
      <Filter>Source Files</Filter>
    </ClCompile>
    <ClCompile Include="sha256.cpp">
      <Filter>Source Files</Filter>
    </ClCompile>
    <ClCompile Include="sha512.cpp">
      <Filter>Source Files</Filter>
    </ClCompile>
    <ClCompile Include="groestl.cpp">
      <Filter>Source Files</Filter>
    </ClCompile>
    <ClCompile Include="skein512.cpp">
      <Filter>Source Files</Filter>
    </ClCompile>
    <ClCompile Include="skein256.cpp">
      <Filter>Source Files</Filter>
    </ClCompile>
    <ClCompile Include="skein1024.cpp">
      <Filter>Source Files</Filter>
    </ClCompile>
    <ClCompile Include="3rdparty\sha256-cryptopp-x86.cpp">
      <Filter>3rdparty</Filter>
    </ClCompile>
    <ClCompile Include="whirlpool.cpp">
      <Filter>Source Files</Filter>
    </ClCompile>
    <ClCompile Include="crypto_hash.cpp">
      <Filter>Source Files</Filter>
    </ClCompile>
    <ClCompile Include="3rdparty\groestl-impl-ssse3.cpp">
      <Filter>3rdparty</Filter>
    </ClCompile>
    <ClCompile Include="3rdparty\groestl-impl-aesni.cpp">
      <Filter>3rdparty</Filter>
    </ClCompile>
    <ClCompile Include="3rdparty\blake512-sse41.c">
      <Filter>3rdparty</Filter>
    </ClCompile>
    <ClCompile Include="3rdparty\blake512-sse2.c">
      <Filter>3rdparty</Filter>
    </ClCompile>
    <ClCompile Include="3rdparty\skein512mmx.cpp">
      <Filter>3rdparty</Filter>
    </ClCompile>
    <ClCompile Include="blake.cpp">
      <Filter>Source Files</Filter>
    </ClCompile>
    <ClCompile Include="3rdparty\blake256-sse2.c">
      <Filter>3rdparty</Filter>
    </ClCompile>
    <ClCompile Include="3rdparty\blake256-sse41.c">
      <Filter>3rdparty</Filter>
    </ClCompile>
    <ClCompile Include="kupyna.cpp">
      <Filter>Source Files</Filter>
    </ClCompile>
    <ClCompile Include="rijndael.cpp">
      <Filter>Source Files</Filter>
    </ClCompile>
    <ClCompile Include="rijndael-impl-aesni.cpp">
      <Filter>Source Files</Filter>
    </ClCompile>
    <ClCompile Include="cbc.cpp">
      <Filter>Source Files</Filter>
    </ClCompile>
    <ClCompile Include="hmac.cpp">
      <Filter>Source Files</Filter>
    </ClCompile>
    <ClCompile Include="rijndael-impl-aesni-avx2.cpp">
      <Filter>Source Files</Filter>
    </ClCompile>
    <ClCompile Include="anubis.cpp">
      <Filter>Source Files</Filter>
    </ClCompile>
    <ClCompile Include="pbkdf2.cpp">
      <Filter>Source Files</Filter>
    </ClCompile>
    <ClCompile Include="ctr.cpp">
      <Filter>Source Files</Filter>
    </ClCompile>
    <ClCompile Include="block_cipher.cpp">
      <Filter>Source Files</Filter>
    </ClCompile>
    <ClCompile Include="twofish.cpp">
      <Filter>Source Files</Filter>
    </ClCompile>
    <ClCompile Include="sha3.cpp">
      <Filter>Source Files</Filter>
    </ClCompile>
    <ClCompile Include="jh.cpp">
      <Filter>Source Files</Filter>
    </ClCompile>
    <ClCompile Include="sha1.cpp">
      <Filter>Source Files</Filter>
    </ClCompile>
    <ClCompile Include="streebog.cpp">
      <Filter>Source Files</Filter>
    </ClCompile>
    <ClCompile Include="3rdparty\gost3411-2012-sse2.c">
      <Filter>3rdparty</Filter>
    </ClCompile>
    <ClCompile Include="3rdparty\gost3411-2012-sse41.c">
      <Filter>3rdparty</Filter>
    </ClCompile>
    <ClCompile Include="3rdparty\KeccakSponge.c">
      <Filter>3rdparty</Filter>
    </ClCompile>
    <ClCompile Include="3rdparty\KeccakF-1600-opt64.c">
      <Filter>3rdparty</Filter>
    </ClCompile>
    <ClCompile Include="3rdparty\jh-impl-sse.cpp">
      <Filter>3rdparty</Filter>
    </ClCompile>
    <ClCompile Include="3rdparty\sha3_impl_ssse3.cpp">
      <Filter>3rdparty</Filter>
    </ClCompile>
    <ClCompile Include="sm3.cpp">
      <Filter>Source Files</Filter>
    </ClCompile>
    <ClCompile Include="md5.cpp">
      <Filter>Source Files</Filter>
    </ClCompile>
    <ClCompile Include="serpent.cpp">
      <Filter>Source Files</Filter>
    </ClCompile>
    <ClCompile Include="cast6.cpp">
      <Filter>Source Files</Filter>
    </ClCompile>
    <ClCompile Include="camellia.cpp">
      <Filter>Source Files</Filter>
    </ClCompile>
    <ClCompile Include="kalyna.cpp">
      <Filter>Source Files</Filter>
    </ClCompile>
    <ClCompile Include="aria.cpp">
      <Filter>Source Files</Filter>
    </ClCompile>
    <ClCompile Include="kuznyechik.cpp">
      <Filter>Source Files</Filter>
    </ClCompile>
    <ClCompile Include="sm4.cpp">
      <Filter>Source Files</Filter>
    </ClCompile>
    <ClCompile Include="mars.cpp">
      <Filter>Source Files</Filter>
    </ClCompile>
    <ClCompile Include="blake2.cpp">
      <Filter>Source Files</Filter>
    </ClCompile>
    <ClCompile Include="3rdparty\blake2b.c">
      <Filter>3rdparty</Filter>
    </ClCompile>
    <ClCompile Include="3rdparty\blake2s.c">
      <Filter>3rdparty</Filter>
    </ClCompile>
    <ClCompile Include="threefish.cpp">
      <Filter>Source Files</Filter>
    </ClCompile>
    <ClCompile Include="scrypt.cpp">
      <Filter>Source Files</Filter>
    </ClCompile>
    <ClCompile Include="3rdparty\crypto_scrypt_smix_sse2.c">
      <Filter>3rdparty</Filter>
    </ClCompile>
    <ClCompile Include="argon2.cpp">
      <Filter>Source Files</Filter>
    </ClCompile>
    <ClCompile Include="thread_pool.cpp">
      <Filter>Source Files</Filter>
    </ClCompile>
    <ClCompile Include="salsa20.cpp">
      <Filter>Source Files</Filter>
    </ClCompile>
    <ClCompile Include="hc.cpp">
      <Filter>Source Files</Filter>
    </ClCompile>
    <ClCompile Include="3rdparty\salsa20-xmm6int.c">
      <Filter>3rdparty</Filter>
    </ClCompile>
    <ClCompile Include="chacha.cpp">
      <Filter>Source Files</Filter>
    </ClCompile>
    <ClCompile Include="3rdparty\chacha-xmm.c">
      <Filter>3rdparty</Filter>
    </ClCompile>
    <ClCompile Include="poly1305.cpp">
      <Filter>Source Files</Filter>
    </ClCompile>
    <ClCompile Include="3rdparty\poly1305-impl-sse2.cpp">
      <Filter>3rdparty</Filter>
    </ClCompile>
    <ClCompile Include="speck.cpp">
      <Filter>Source Files</Filter>
    </ClCompile>
    <ClCompile Include="simon.cpp">
      <Filter>Source Files</Filter>
    </ClCompile>
    <ClCompile Include="3rdparty\KeccakHash.c">
      <Filter>3rdparty</Filter>
    </ClCompile>
    <ClCompile Include="3rdparty\KeccakP-1600-AVX2.cpp">
      <Filter>3rdparty</Filter>
    </ClCompile>
    <ClCompile Include="3rdparty\KeccakSpongeWidth1600.c">
      <Filter>3rdparty</Filter>
    </ClCompile>
    <ClCompile Include="3rdparty\sha3_impl_avx2.cpp">
      <Filter>3rdparty</Filter>
    </ClCompile>
  </ItemGroup>
  <ItemGroup>
    <YASM Include="3rdparty\sha256_avx1.asm">
      <Filter>3rdparty</Filter>
    </YASM>
    <YASM Include="3rdparty\sha256_avx2_rorx2.asm">
      <Filter>3rdparty</Filter>
    </YASM>
    <YASM Include="3rdparty\sha256_avx2_rorx8.asm">
      <Filter>3rdparty</Filter>
    </YASM>
    <YASM Include="3rdparty\sha256_sse4.asm">
      <Filter>3rdparty</Filter>
    </YASM>
    <YASM Include="3rdparty\sha512_avx.asm">
      <Filter>3rdparty</Filter>
    </YASM>
    <YASM Include="3rdparty\sha512_avx2_rorx.asm">
      <Filter>3rdparty</Filter>
    </YASM>
    <YASM Include="3rdparty\sha512_sse4.asm">
      <Filter>3rdparty</Filter>
    </YASM>
    <YASM Include="3rdparty\sha512-nayuki.asm">
      <Filter>3rdparty</Filter>
    </YASM>
    <YASM Include="3rdparty\b256avxs.asm">
      <Filter>3rdparty</Filter>
    </YASM>
    <YASM Include="3rdparty\whirlpool-nayuki.asm">
      <Filter>3rdparty</Filter>
    </YASM>
    <YASM Include="3rdparty\sha1_ssse3.asm">
      <Filter>3rdparty</Filter>
    </YASM>
    <YASM Include="3rdparty\sha1-nayuki.asm">
      <Filter>3rdparty</Filter>
    </YASM>
    <YASM Include="3rdparty\serpent-waite.asm">
      <Filter>3rdparty</Filter>
    </YASM>
    <YASM Include="3rdparty\poly1305-64.asm">
      <Filter>3rdparty</Filter>
    </YASM>
    <YASM Include="3rdparty\poly1305-32.asm">
      <Filter>3rdparty</Filter>
    </YASM>
  </ItemGroup>
  <ItemGroup>
    <None Include="3rdparty\KeccakF-1600-simd128.macros">
      <Filter>3rdparty</Filter>
    </None>
    <None Include="3rdparty\KeccakF-1600-unrolling.macros">
      <Filter>3rdparty</Filter>
    </None>
  </ItemGroup>
  <ItemGroup>
    <MASM Include="3rdparty\sha256-cryptopp-x64.asm">
      <Filter>3rdparty</Filter>
    </MASM>
  </ItemGroup>
</Project>